
Microsoft Visual Studio Solution File, Format Version 12.00
# Visual Studio Version 17
VisualStudioVersion = 17.5.33424.131
MinimumVisualStudioVersion = 10.0.40219.1
Project("{FAE04EC0-301F-11D3-BF4B-00C04F79EFBC}") = "CapaDatos", "CapaDatos\CapaDatos.csproj", "{51598A26-E703-413E-9709-45011C1ED0B2}"
EndProject
Project("{FAE04EC0-301F-11D3-BF4B-00C04F79EFBC}") = "CapaEntidad", "CapaEntidad\CapaEntidad.csproj", "{D985F0E0-A2C2-4A13-849F-D507F62DE130}"
EndProject
Project("{FAE04EC0-301F-11D3-BF4B-00C04F79EFBC}") = "CapaNegocio", "CapaNegocio\CapaNegocio.csproj", "{577D880F-94C2-4F2D-8F1A-81C3BD216AA1}"
EndProject
Project("{FAE04EC0-301F-11D3-BF4B-00C04F79EFBC}") = "CapaPresentacion", "CapaPresentacion\CapaPresentacion.csproj", "{A5F9B277-BDA3-4905-90E1-03CAE39545B8}"
EndProject
Global
	GlobalSection(SolutionConfigurationPlatforms) = preSolution
		Debug|Any CPU = Debug|Any CPU
		Release|Any CPU = Release|Any CPU
	EndGlobalSection
	GlobalSection(ProjectConfigurationPlatforms) = postSolution
		{51598A26-E703-413E-9709-45011C1ED0B2}.Debug|Any CPU.ActiveCfg = Debug|Any CPU
		{51598A26-E703-413E-9709-45011C1ED0B2}.Debug|Any CPU.Build.0 = Debug|Any CPU
		{51598A26-E703-413E-9709-45011C1ED0B2}.Release|Any CPU.ActiveCfg = Release|Any CPU
		{51598A26-E703-413E-9709-45011C1ED0B2}.Release|Any CPU.Build.0 = Release|Any CPU
		{D985F0E0-A2C2-4A13-849F-D507F62DE130}.Debug|Any CPU.ActiveCfg = Debug|Any CPU
		{D985F0E0-A2C2-4A13-849F-D507F62DE130}.Debug|Any CPU.Build.0 = Debug|Any CPU
		{D985F0E0-A2C2-4A13-849F-D507F62DE130}.Release|Any CPU.ActiveCfg = Release|Any CPU
		{D985F0E0-A2C2-4A13-849F-D507F62DE130}.Release|Any CPU.Build.0 = Release|Any CPU
		{577D880F-94C2-4F2D-8F1A-81C3BD216AA1}.Debug|Any CPU.ActiveCfg = Debug|Any CPU
		{577D880F-94C2-4F2D-8F1A-81C3BD216AA1}.Debug|Any CPU.Build.0 = Debug|Any CPU
		{577D880F-94C2-4F2D-8F1A-81C3BD216AA1}.Release|Any CPU.ActiveCfg = Release|Any CPU
		{577D880F-94C2-4F2D-8F1A-81C3BD216AA1}.Release|Any CPU.Build.0 = Release|Any CPU
		{A5F9B277-BDA3-4905-90E1-03CAE39545B8}.Debug|Any CPU.ActiveCfg = Debug|Any CPU
		{A5F9B277-BDA3-4905-90E1-03CAE39545B8}.Debug|Any CPU.Build.0 = Debug|Any CPU
		{A5F9B277-BDA3-4905-90E1-03CAE39545B8}.Release|Any CPU.ActiveCfg = Release|Any CPU
		{A5F9B277-BDA3-4905-90E1-03CAE39545B8}.Release|Any CPU.Build.0 = Release|Any CPU
	EndGlobalSection
	GlobalSection(SolutionProperties) = preSolution
		HideSolutionNode = FALSE
	EndGlobalSection
	GlobalSection(ExtensibilityGlobals) = postSolution
		SolutionGuid = {B05378D3-634B-4AEC-B3C1-A9CA10A022F0}
	EndGlobalSection
EndGlobal
